Microsoft Visual Studio Solution File, Format Version 12.00
# Visual Studio Version 16
VisualStudioVersion = 16.0.29806.167
MinimumVisualStudioVersion = 10.0.40219.1
Project("{9A19103F-16F7-4668-BE54-9A1E7A4F7556}") = "Backend", "Backend\Backend.csproj", "{07719B07-7B98-4293-AE15-2DA5CCF135ED}"
EndProject
Project("{9A19103F-16F7-4668-BE54-9A1E7A4F7556}") = "PatientWebApp", "PatientWebApp\PatientWebApp.csproj", "{1670634D-8127-47B2-ACE0-2B3AB7B760BE}"
EndProject
Project("{9A19103F-16F7-4668-BE54-9A1E7A4F7556}") = "IntegrationAdaptersTests", "IntegrationAdaptersTests\IntegrationAdaptersTests.csproj", "{0E9FCC88-8C47-4B2B-8FB7-B3617792305E}"
EndProject
Project("{9A19103F-16F7-4668-BE54-9A1E7A4F7556}") = "IntegrationAdapters", "IntegrationAdapters\IntegrationAdapters.csproj", "{7966F780-C8E5-43C5-ABE0-73EC80249C09}"
EndProject
Project("{9A19103F-16F7-4668-BE54-9A1E7A4F7556}") = "GraphicalEditorServer", "GraphicalEditorServer\GraphicalEditorServer.csproj", "{ADA47909-69C6-4CB0-B5F3-C7BEDF5FA047}"
EndProject
Project("{9A19103F-16F7-4668-BE54-9A1E7A4F7556}") = "GraphicalEditorServerTests", "GraphicalEditorServerTests\GraphicalEditorServerTests.csproj", "{0FD10AFB-8638-44F8-B8D0-FB779FDD4E18}"
EndProject
Project("{9A19103F-16F7-4668-BE54-9A1E7A4F7556}") = "PatientWebAppTests", "PatientWebAppTests\PatientWebAppTests.csproj", "{0A8E12A0-73F8-42F8-8EE8-9B46CFB5E456}"
EndProject
Project("{9A19103F-16F7-4668-BE54-9A1E7A4F7556}") = "E2ETests", "E2ETests\E2ETests.csproj", "{D2D101AC-A7F2-4699-8E08-EF47A4149F55}"
EndProject
Project("{FAE04EC0-301F-11D3-BF4B-00C04F79EFBC}") = "FeedbackAndSurveyService", "FeedbackAndSurveyService\FeedbackAndSurveyService.csproj", "{6511D7BD-D217-4F4A-9F98-C81F30F78F16}"
EndProject
Global
	GlobalSection(SolutionConfigurationPlatforms) = preSolution
		Debug|Any CPU = Debug|Any CPU
		Release|Any CPU = Release|Any CPU
	EndGlobalSection
	GlobalSection(ProjectConfigurationPlatforms) = postSolution
		{07719B07-7B98-4293-AE15-2DA5CCF135ED}.Debug|Any CPU.ActiveCfg = Debug|Any CPU
		{07719B07-7B98-4293-AE15-2DA5CCF135ED}.Debug|Any CPU.Build.0 = Debug|Any CPU
		{07719B07-7B98-4293-AE15-2DA5CCF135ED}.Release|Any CPU.ActiveCfg = Release|Any CPU
		{07719B07-7B98-4293-AE15-2DA5CCF135ED}.Release|Any CPU.Build.0 = Release|Any CPU
		{1670634D-8127-47B2-ACE0-2B3AB7B760BE}.Debug|Any CPU.ActiveCfg = Debug|Any CPU
		{1670634D-8127-47B2-ACE0-2B3AB7B760BE}.Debug|Any CPU.Build.0 = Debug|Any CPU
		{1670634D-8127-47B2-ACE0-2B3AB7B760BE}.Release|Any CPU.ActiveCfg = Release|Any CPU
		{1670634D-8127-47B2-ACE0-2B3AB7B760BE}.Release|Any CPU.Build.0 = Release|Any CPU
		{0E9FCC88-8C47-4B2B-8FB7-B3617792305E}.Debug|Any CPU.ActiveCfg = Debug|Any CPU
		{0E9FCC88-8C47-4B2B-8FB7-B3617792305E}.Debug|Any CPU.Build.0 = Debug|Any CPU
		{0E9FCC88-8C47-4B2B-8FB7-B3617792305E}.Release|Any CPU.ActiveCfg = Release|Any CPU
		{0E9FCC88-8C47-4B2B-8FB7-B3617792305E}.Release|Any CPU.Build.0 = Release|Any CPU
		{7966F780-C8E5-43C5-ABE0-73EC80249C09}.Debug|Any CPU.ActiveCfg = Debug|Any CPU
		{7966F780-C8E5-43C5-ABE0-73EC80249C09}.Debug|Any CPU.Build.0 = Debug|Any CPU
		{7966F780-C8E5-43C5-ABE0-73EC80249C09}.Release|Any CPU.ActiveCfg = Release|Any CPU
		{7966F780-C8E5-43C5-ABE0-73EC80249C09}.Release|Any CPU.Build.0 = Release|Any CPU
		{ADA47909-69C6-4CB0-B5F3-C7BEDF5FA047}.Debug|Any CPU.ActiveCfg = Debug|Any CPU
		{ADA47909-69C6-4CB0-B5F3-C7BEDF5FA047}.Debug|Any CPU.Build.0 = Debug|Any CPU
		{ADA47909-69C6-4CB0-B5F3-C7BEDF5FA047}.Release|Any CPU.ActiveCfg = Release|Any CPU
		{ADA47909-69C6-4CB0-B5F3-C7BEDF5FA047}.Release|Any CPU.Build.0 = Release|Any CPU
		{0FD10AFB-8638-44F8-B8D0-FB779FDD4E18}.Debug|Any CPU.ActiveCfg = Debug|Any CPU
		{0FD10AFB-8638-44F8-B8D0-FB779FDD4E18}.Debug|Any CPU.Build.0 = Debug|Any CPU
		{0FD10AFB-8638-44F8-B8D0-FB779FDD4E18}.Release|Any CPU.ActiveCfg = Release|Any CPU
		{0FD10AFB-8638-44F8-B8D0-FB779FDD4E18}.Release|Any CPU.Build.0 = Release|Any CPU
		{0A8E12A0-73F8-42F8-8EE8-9B46CFB5E456}.Debug|Any CPU.ActiveCfg = Debug|Any CPU
		{0A8E12A0-73F8-42F8-8EE8-9B46CFB5E456}.Debug|Any CPU.Build.0 = Debug|Any CPU
		{0A8E12A0-73F8-42F8-8EE8-9B46CFB5E456}.Release|Any CPU.ActiveCfg = Release|Any CPU
		{0A8E12A0-73F8-42F8-8EE8-9B46CFB5E456}.Release|Any CPU.Build.0 = Release|Any CPU
		{D2D101AC-A7F2-4699-8E08-EF47A4149F55}.Debug|Any CPU.ActiveCfg = Debug|Any CPU
		{D2D101AC-A7F2-4699-8E08-EF47A4149F55}.Debug|Any CPU.Build.0 = Debug|Any CPU
		{D2D101AC-A7F2-4699-8E08-EF47A4149F55}.Release|Any CPU.ActiveCfg = Release|Any CPU
		{D2D101AC-A7F2-4699-8E08-EF47A4149F55}.Release|Any CPU.Build.0 = Release|Any CPU
		{6511D7BD-D217-4F4A-9F98-C81F30F78F16}.Debug|Any CPU.ActiveCfg = Debug|Any CPU
		{6511D7BD-D217-4F4A-9F98-C81F30F78F16}.Debug|Any CPU.Build.0 = Debug|Any CPU
		{6511D7BD-D217-4F4A-9F98-C81F30F78F16}.Release|Any CPU.ActiveCfg = Release|Any CPU
		{6511D7BD-D217-4F4A-9F98-C81F30F78F16}.Release|Any CPU.Build.0 = Release|Any CPU
	EndGlobalSection
	GlobalSection(SolutionProperties) = preSolution
		HideSolutionNode = FALSE
	EndGlobalSection
	GlobalSection(ExtensibilityGlobals) = postSolution
		SolutionGuid = {B0763F73-BBEF-4892-ACFA-200BD83363B1}
	EndGlobalSection
EndGlobal
